
Microsoft Visual Studio Solution File, Format Version 12.00
# Visual Studio Version 16
VisualStudioVersion = 16.0.31911.196
MinimumVisualStudioVersion = 10.0.40219.1
Project("{FAE04EC0-301F-11D3-BF4B-00C04F79EFBC}") = "PrimeNumberApp", "PrimeNumberApp\PrimeNumberApp.csproj", "{53CE63BD-4C5F-46A6-8ECF-E7C9EA201A71}"
EndProject
Global
	GlobalSection(SolutionConfigurationPlatforms) = preSolution
		Debug|Any CPU = Debug|Any CPU
		Release|Any CPU = Release|Any CPU
	EndGlobalSection
	GlobalSection(ProjectConfigurationPlatforms) = postSolution
		{53CE63BD-4C5F-46A6-8ECF-E7C9EA201A71}.Debug|Any CPU.ActiveCfg = Debug|Any CPU
		{53CE63BD-4C5F-46A6-8ECF-E7C9EA201A71}.Debug|Any CPU.Build.0 = Debug|Any CPU
		{53CE63BD-4C5F-46A6-8ECF-E7C9EA201A71}.Release|Any CPU.ActiveCfg = Release|Any CPU
		{53CE63BD-4C5F-46A6-8ECF-E7C9EA201A71}.Release|Any CPU.Build.0 = Release|Any CPU
	EndGlobalSection
	GlobalSection(SolutionProperties) = preSolution
		HideSolutionNode = FALSE
	EndGlobalSection
	GlobalSection(ExtensibilityGlobals) = postSolution
		SolutionGuid = {3615E18A-75EB-45A2-8486-B74E50B9427F}
	EndGlobalSection
EndGlobal
